
Microsoft Visual Studio Solution File, Format Version 12.00
# Visual Studio Version 17
VisualStudioVersion = 17.14.36811.4 d17.14
MinimumVisualStudioVersion = 10.0.40219.1
Project("{FAE04EC0-301F-11D3-BF4B-00C04F79EFBC}") = "Pusheen", "Pusheen\Pusheen.csproj", "{83A19B17-C9DB-4726-A083-6EBC7133DF4B}"
EndProject
Global
	GlobalSection(SolutionConfigurationPlatforms) = preSolution
		Debug|Any CPU = Debug|Any CPU
		Release|Any CPU = Release|Any CPU
	EndGlobalSection
	GlobalSection(ProjectConfigurationPlatforms) = postSolution
		{83A19B17-C9DB-4726-A083-6EBC7133DF4B}.Debug|Any CPU.ActiveCfg = Debug|Any CPU
		{83A19B17-C9DB-4726-A083-6EBC7133DF4B}.Debug|Any CPU.Build.0 = Debug|Any CPU
		{83A19B17-C9DB-4726-A083-6EBC7133DF4B}.Release|Any CPU.ActiveCfg = Release|Any CPU
		{83A19B17-C9DB-4726-A083-6EBC7133DF4B}.Release|Any CPU.Build.0 = Release|Any CPU
	EndGlobalSection
	GlobalSection(SolutionProperties) = preSolution
		HideSolutionNode = FALSE
	EndGlobalSection
	GlobalSection(ExtensibilityGlobals) = postSolution
		SolutionGuid = {84C8D53A-1F2B-4C3F-AF7F-A51F3D59899F}
	EndGlobalSection
EndGlobal
